
Microsoft Visual Studio Solution File, Format Version 12.00
# Visual Studio Version 16
VisualStudioVersion = 16.0.28729.10
MinimumVisualStudioVersion = 10.0.40219.1
Project("{F184B08F-C81C-45F6-A57F-5ABD9991F28F}") = "My_Controller_Flat_UI", "My_Controller_Flat_UI\My_Controller_Flat_UI.vbproj", "{F231C11E-E6B2-44AA-AAAA-3C2D90DF79DF}"
EndProject
Global
	GlobalSection(SolutionConfigurationPlatforms) = preSolution
		Debug|Any CPU = Debug|Any CPU
		Release|Any CPU = Release|Any CPU
	EndGlobalSection
	GlobalSection(ProjectConfigurationPlatforms) = postSolution
		{F231C11E-E6B2-44AA-AAAA-3C2D90DF79DF}.Debug|Any CPU.ActiveCfg = Debug|Any CPU
		{F231C11E-E6B2-44AA-AAAA-3C2D90DF79DF}.Debug|Any CPU.Build.0 = Debug|Any CPU
		{F231C11E-E6B2-44AA-AAAA-3C2D90DF79DF}.Release|Any CPU.ActiveCfg = Release|Any CPU
		{F231C11E-E6B2-44AA-AAAA-3C2D90DF79DF}.Release|Any CPU.Build.0 = Release|Any CPU
	EndGlobalSection
	GlobalSection(SolutionProperties) = preSolution
		HideSolutionNode = FALSE
	EndGlobalSection
	GlobalSection(ExtensibilityGlobals) = postSolution
		SolutionGuid = {75063CFF-FF81-41E3-A8E4-04AA0E7BFE1A}
	EndGlobalSection
EndGlobal
